{
  "name": "project_view_portfolio",
  "lockfileVersion": 3,
  "requires": true,
  "packages": {
    "": {
      "dependencies": {
        "@tanstack/react-query-devtools": "^5.74.7",
        "react-hot-toast": "^2.5.2"
      },
      "devDependencies": {
        "@types/node": "^22.15.3"
      }
    },
    "node_modules/@tanstack/query-core": {
      "version": "5.74.7",
      "resolved": "https://registry.npmjs.org/@tanstack/query-core/-/query-core-5.74.7.tgz",
      "integrity": "sha512-X3StkN/Y6KGHndTjJf8H8th7AX4bKfbRpiVhVqevf0QWlxl6DhyJ0TYG3R0LARa/+xqDwzU9mA4pbJxzPCI29A==",
      "peer": true,
      "funding": {
        "type": "github",
        "url": "https://github.com/sponsors/tannerlinsley"
      }
    },
    "node_modules/@tanstack/query-devtools": {
      "version": "5.74.7",
      "resolved": "https://registry.npmjs.org/@tanstack/query-devtools/-/query-devtools-5.74.7.tgz",
      "integrity": "sha512-nSNlfuGdnHf4yB0S+BoNYOE1o3oAH093weAYZolIHfS2stulyA/gWfSk/9H4ZFk5mAAHb5vNqAeJOmbdcGPEQw==",
      "funding": {
        "type": "github",
        "url": "https://github.com/sponsors/tannerlinsley"
      }
    },
    "node_modules/@tanstack/react-query": {
      "version": "5.74.7",
      "resolved": "https://registry.npmjs.org/@tanstack/react-query/-/react-query-5.74.7.tgz",
      "integrity": "sha512-u4o/RIWnnrq26orGZu2NDPwmVof1vtAiiV6KYUXd49GuK+8HX+gyxoAYqIaZogvCE1cqOuZAhQKcrKGYGkrLxg==",
      "peer": true,
      "dependencies": {
        "@tanstack/query-core": "5.74.7"
      },
      "funding": {
        "type": "github",
        "url": "https://github.com/sponsors/tannerlinsley"
      },
      "peerDependencies": {
        "react": "^18 || ^19"
      }
    },
    "node_modules/@tanstack/react-query-devtools": {
      "version": "5.74.7",
      "resolved": "https://registry.npmjs.org/@tanstack/react-query-devtools/-/react-query-devtools-5.74.7.tgz",
      "integrity": "sha512-j60esTQF+ES0x52kQUYOX0Z8AJUcqCGANj6GaOf8J3YQz2bZPB1imLSw4SFeM3Ozv8uO/X/Dmh3IT1z+y57ZLQ==",
      "dependencies": {
        "@tanstack/query-devtools": "5.74.7"
      },
      "funding": {
        "type": "github",
        "url": "https://github.com/sponsors/tannerlinsley"
      },
      "peerDependencies": {
        "@tanstack/react-query": "^5.74.7",
        "react": "^18 || ^19"
      }
    },
    "node_modules/@types/node": {
      "version": "22.15.3",
      "resolved": "https://registry.npmjs.org/@types/node/-/node-22.15.3.tgz",
      "integrity": "sha512-lX7HFZeHf4QG/J7tBZqrCAXwz9J5RD56Y6MpP0eJkka8p+K0RY/yBTW7CYFJ4VGCclxqOLKmiGP5juQc6MKgcw==",
      "dev": true,
      "dependencies": {
        "undici-types": "~6.21.0"
      }
    },
    "node_modules/csstype": {
      "version": "3.1.3",
      "resolved": "https://registry.npmjs.org/csstype/-/csstype-3.1.3.tgz",
      "integrity": "sha512-M1uQkMl8rQK/szD0LNhtqxIPLpimGm8sOBwU7lLnCpSbTyY3yeU1Vc7l4KT5zT4s/yOxHH5O7tIuuLOCnLADRw=="
    },
    "node_modules/goober": {
      "version": "2.1.16",
      "resolved": "https://registry.npmjs.org/goober/-/goober-2.1.16.tgz",
      "integrity": "sha512-erjk19y1U33+XAMe1VTvIONHYoSqE4iS7BYUZfHaqeohLmnC0FdxEh7rQU+6MZ4OajItzjZFSRtVANrQwNq6/g==",
      "peerDependencies": {
        "csstype": "^3.0.10"
      }
    },
    "node_modules/react": {
      "version": "19.1.0",
      "resolved": "https://registry.npmjs.org/react/-/react-19.1.0.tgz",
      "integrity": "sha512-FS+XFBNvn3GTAWq26joslQgWNoFu08F4kl0J4CgdNKADkdSGXQyTCnKteIAJy96Br6YbpEU1LSzV5dYtjMkMDg==",
      "peer": true,
      "engines": {
        "node": ">=0.10.0"
      }
    },
    "node_modules/react-dom": {
      "version": "19.1.0",
      "resolved": "https://registry.npmjs.org/react-dom/-/react-dom-19.1.0.tgz",
      "integrity": "sha512-Xs1hdnE+DyKgeHJeJznQmYMIBG3TKIHJJT95Q58nHLSrElKlGQqDTR2HQ9fx5CN/Gk6Vh/kupBTDLU11/nDk/g==",
      "peer": true,
      "dependencies": {
        "scheduler": "^0.26.0"
      },
      "peerDependencies": {
        "react": "^19.1.0"
      }
    },
    "node_modules/react-hot-toast": {
      "version": "2.5.2",
      "resolved": "https://registry.npmjs.org/react-hot-toast/-/react-hot-toast-2.5.2.tgz",
      "integrity": "sha512-Tun3BbCxzmXXM7C+NI4qiv6lT0uwGh4oAfeJyNOjYUejTsm35mK9iCaYLGv8cBz9L5YxZLx/2ii7zsIwPtPUdw==",
      "dependencies": {
        "csstype": "^3.1.3",
        "goober": "^2.1.16"
      },
      "engines": {
        "node": ">=10"
      },
      "peerDependencies": {
        "react": ">=16",
        "react-dom": ">=16"
      }
    },
    "node_modules/scheduler": {
      "version": "0.26.0",
      "resolved": "https://registry.npmjs.org/scheduler/-/scheduler-0.26.0.tgz",
      "integrity": "sha512-NlHwttCI/l5gCPR3D1nNXtWABUmBwvZpEQiD4IXSbIDq8BzLIK/7Ir5gTFSGZDUu37K5cMNp0hFtzO38sC7gWA==",
      "peer": true
    },
    "node_modules/undici-types": {
      "version": "6.21.0",
      "resolved": "https://registry.npmjs.org/undici-types/-/undici-types-6.21.0.tgz",
      "integrity": "sha512-iwDZqg0QAGrg9Rav5H4n0M64c3mkR59cJ6wQp+7C4nI0gsmExaedaYLNO44eT4AtBBwjbTiGPMlt2Md0T9H9JQ==",
      "dev": true
    }
  }
}
